
Microsoft Visual Studio Solution File, Format Version 12.00
# Visual Studio 15
VisualStudioVersion = 15.0.28307.271
MinimumVisualStudioVersion = 10.0.40219.1
Project("{FAE04EC0-301F-11D3-BF4B-00C04F79EFBC}") = "DBModels", "DBModels\DBModels.csproj", "{D8A4D701-4F13-4AA3-ACC6-AC5C40A3CA14}"
EndProject
Project("{FAE04EC0-301F-11D3-BF4B-00C04F79EFBC}") = "AlarmClockWPFClient", "AlarmClockWPFClient\AlarmClockWPFClient.csproj", "{E307E434-EBDE-4556-9F02-38045628B1E1}"
EndProject
Project("{FAE04EC0-301F-11D3-BF4B-00C04F79EFBC}") = "Providers", "Providers\Providers.csproj", "{5363894B-3946-47E9-A963-7161FBED84B6}"
	ProjectSection(ProjectDependencies) = postProject
		{D8A4D701-4F13-4AA3-ACC6-AC5C40A3CA14} = {D8A4D701-4F13-4AA3-ACC6-AC5C40A3CA14}
	EndProjectSection
EndProject
Project("{FAE04EC0-301F-11D3-BF4B-00C04F79EFBC}") = "EntityFrameworkWrapper", "EntityFrameworkWrapper\EntityFrameworkWrapper.csproj", "{176B3347-1D40-425C-9EA8-C0C23A533E6C}"
	ProjectSection(ProjectDependencies) = postProject
		{D8A4D701-4F13-4AA3-ACC6-AC5C40A3CA14} = {D8A4D701-4F13-4AA3-ACC6-AC5C40A3CA14}
	EndProjectSection
EndProject
Project("{2150E333-8FDC-42A3-9474-1A3956D46DE8}") = "Server", "Server", "{42804405-F5D4-4087-B927-43EF705BEE01}"
EndProject
Project("{FAE04EC0-301F-11D3-BF4B-00C04F79EFBC}") = "AlarmClockServerInterface", "AlarmClockServerInterface\AlarmClockServerInterface.csproj", "{578B94F7-A778-4D25-8C32-28E334C52E21}"
	ProjectSection(ProjectDependencies) = postProject
		{D8A4D701-4F13-4AA3-ACC6-AC5C40A3CA14} = {D8A4D701-4F13-4AA3-ACC6-AC5C40A3CA14}
	EndProjectSection
EndProject
Project("{FAE04EC0-301F-11D3-BF4B-00C04F79EFBC}") = "AlarmClockServiceImpl", "AlarmClockServiceImpl\AlarmClockServiceImpl.csproj", "{C3612148-3CA7-4CC0-82C6-77CAF5C6A403}"
	ProjectSection(ProjectDependencies) = postProject
		{D8A4D701-4F13-4AA3-ACC6-AC5C40A3CA14} = {D8A4D701-4F13-4AA3-ACC6-AC5C40A3CA14}
		{176B3347-1D40-425C-9EA8-C0C23A533E6C} = {176B3347-1D40-425C-9EA8-C0C23A533E6C}
		{578B94F7-A778-4D25-8C32-28E334C52E21} = {578B94F7-A778-4D25-8C32-28E334C52E21}
	EndProjectSection
EndProject
Project("{FAE04EC0-301F-11D3-BF4B-00C04F79EFBC}") = "Tester", "Tester\Tester.csproj", "{CBA10A2F-71E3-4593-AF98-4444A14BAE25}"
EndProject
Project("{FAE04EC0-301F-11D3-BF4B-00C04F79EFBC}") = "WCFServer", "WCFServer\WCFServer.csproj", "{4EDC038E-959A-4C8E-A589-13E5ADC35E7C}"
	ProjectSection(ProjectDependencies) = postProject
		{C3612148-3CA7-4CC0-82C6-77CAF5C6A403} = {C3612148-3CA7-4CC0-82C6-77CAF5C6A403}
		{578B94F7-A778-4D25-8C32-28E334C52E21} = {578B94F7-A778-4D25-8C32-28E334C52E21}
	EndProjectSection
EndProject
Global
	GlobalSection(SolutionConfigurationPlatforms) = preSolution
		Debug|Any CPU = Debug|Any CPU
		Release|Any CPU = Release|Any CPU
	EndGlobalSection
	GlobalSection(ProjectConfigurationPlatforms) = postSolution
		{D8A4D701-4F13-4AA3-ACC6-AC5C40A3CA14}.Debug|Any CPU.ActiveCfg = Debug|Any CPU
		{D8A4D701-4F13-4AA3-ACC6-AC5C40A3CA14}.Debug|Any CPU.Build.0 = Debug|Any CPU
		{D8A4D701-4F13-4AA3-ACC6-AC5C40A3CA14}.Release|Any CPU.ActiveCfg = Release|Any CPU
		{D8A4D701-4F13-4AA3-ACC6-AC5C40A3CA14}.Release|Any CPU.Build.0 = Release|Any CPU
		{E307E434-EBDE-4556-9F02-38045628B1E1}.Debug|Any CPU.ActiveCfg = Debug|Any CPU
		{E307E434-EBDE-4556-9F02-38045628B1E1}.Debug|Any CPU.Build.0 = Debug|Any CPU
		{E307E434-EBDE-4556-9F02-38045628B1E1}.Release|Any CPU.ActiveCfg = Release|Any CPU
		{E307E434-EBDE-4556-9F02-38045628B1E1}.Release|Any CPU.Build.0 = Release|Any CPU
		{5363894B-3946-47E9-A963-7161FBED84B6}.Debug|Any CPU.ActiveCfg = Debug|Any CPU
		{5363894B-3946-47E9-A963-7161FBED84B6}.Debug|Any CPU.Build.0 = Debug|Any CPU
		{5363894B-3946-47E9-A963-7161FBED84B6}.Release|Any CPU.ActiveCfg = Release|Any CPU
		{5363894B-3946-47E9-A963-7161FBED84B6}.Release|Any CPU.Build.0 = Release|Any CPU
		{176B3347-1D40-425C-9EA8-C0C23A533E6C}.Debug|Any CPU.ActiveCfg = Debug|Any CPU
		{176B3347-1D40-425C-9EA8-C0C23A533E6C}.Debug|Any CPU.Build.0 = Debug|Any CPU
		{176B3347-1D40-425C-9EA8-C0C23A533E6C}.Release|Any CPU.ActiveCfg = Release|Any CPU
		{176B3347-1D40-425C-9EA8-C0C23A533E6C}.Release|Any CPU.Build.0 = Release|Any CPU
		{578B94F7-A778-4D25-8C32-28E334C52E21}.Debug|Any CPU.ActiveCfg = Debug|Any CPU
		{578B94F7-A778-4D25-8C32-28E334C52E21}.Debug|Any CPU.Build.0 = Debug|Any CPU
		{578B94F7-A778-4D25-8C32-28E334C52E21}.Release|Any CPU.ActiveCfg = Release|Any CPU
		{578B94F7-A778-4D25-8C32-28E334C52E21}.Release|Any CPU.Build.0 = Release|Any CPU
		{C3612148-3CA7-4CC0-82C6-77CAF5C6A403}.Debug|Any CPU.ActiveCfg = Debug|Any CPU
		{C3612148-3CA7-4CC0-82C6-77CAF5C6A403}.Debug|Any CPU.Build.0 = Debug|Any CPU
		{C3612148-3CA7-4CC0-82C6-77CAF5C6A403}.Release|Any CPU.ActiveCfg = Release|Any CPU
		{C3612148-3CA7-4CC0-82C6-77CAF5C6A403}.Release|Any CPU.Build.0 = Release|Any CPU
		{CBA10A2F-71E3-4593-AF98-4444A14BAE25}.Debug|Any CPU.ActiveCfg = Debug|Any CPU
		{CBA10A2F-71E3-4593-AF98-4444A14BAE25}.Debug|Any CPU.Build.0 = Debug|Any CPU
		{CBA10A2F-71E3-4593-AF98-4444A14BAE25}.Release|Any CPU.ActiveCfg = Release|Any CPU
		{CBA10A2F-71E3-4593-AF98-4444A14BAE25}.Release|Any CPU.Build.0 = Release|Any CPU
		{4EDC038E-959A-4C8E-A589-13E5ADC35E7C}.Debug|Any CPU.ActiveCfg = Debug|Any CPU
		{4EDC038E-959A-4C8E-A589-13E5ADC35E7C}.Debug|Any CPU.Build.0 = Debug|Any CPU
		{4EDC038E-959A-4C8E-A589-13E5ADC35E7C}.Release|Any CPU.ActiveCfg = Release|Any CPU
		{4EDC038E-959A-4C8E-A589-13E5ADC35E7C}.Release|Any CPU.Build.0 = Release|Any CPU
	EndGlobalSection
	GlobalSection(SolutionProperties) = preSolution
		HideSolutionNode = FALSE
	EndGlobalSection
	GlobalSection(NestedProjects) = preSolution
		{578B94F7-A778-4D25-8C32-28E334C52E21} = {42804405-F5D4-4087-B927-43EF705BEE01}
		{C3612148-3CA7-4CC0-82C6-77CAF5C6A403} = {42804405-F5D4-4087-B927-43EF705BEE01}
		{4EDC038E-959A-4C8E-A589-13E5ADC35E7C} = {42804405-F5D4-4087-B927-43EF705BEE01}
	EndGlobalSection
	GlobalSection(ExtensibilityGlobals) = postSolution
		SolutionGuid = {DDA42ED3-C7FD-4146-B9F8-5BDBB690B1C0}
	EndGlobalSection
EndGlobal
