
Microsoft Visual Studio Solution File, Format Version 12.00
# Visual Studio 15
VisualStudioVersion = 15.0.28307.271
MinimumVisualStudioVersion = 10.0.40219.1
Project("{FAE04EC0-301F-11D3-BF4B-00C04F79EFBC}") = "DBModels", "DBModels\DBModels.csproj", "{D8A4D701-4F13-4AA3-ACC6-AC5C40A3CA14}"
EndProject
Project("{FAE04EC0-301F-11D3-BF4B-00C04F79EFBC}") = "AlarmClockWPFClient", "AlarmClockWPFClient\AlarmClockWPFClient.csproj", "{E307E434-EBDE-4556-9F02-38045628B1E1}"
EndProject
Project("{FAE04EC0-301F-11D3-BF4B-00C04F79EFBC}") = "Providers", "Providers\Providers.csproj", "{5363894B-3946-47E9-A963-7161FBED84B6}"
	ProjectSection(ProjectDependencies) = postProject
		{D8A4D701-4F13-4AA3-ACC6-AC5C40A3CA14} = {D8A4D701-4F13-4AA3-ACC6-AC5C40A3CA14}
	EndProjectSection
EndProject
Project("{FAE04EC0-301F-11D3-BF4B-00C04F79EFBC}") = "EntityFrameworkWrapper", "EntityFrameworkWrapper\EntityFrameworkWrapper.csproj", "{176B3347-1D40-425C-9EA8-C0C23A533E6C}"
	ProjectSection(ProjectDependencies) = postProject
		{D8A4D701-4F13-4AA3-ACC6-AC5C40A3CA14} = {D8A4D701-4F13-4AA3-ACC6-AC5C40A3CA14}
	EndProjectSection
EndProject
Project("{2150E333-8FDC-42A3-9474-1A3956D46DE8}") = "Server", "Server", "{42804405-F5D4-4087-B927-43EF705BEE01}"
EndProject
Global
	GlobalSection(SolutionConfigurationPlatforms) = preSolution
		Debug|Any CPU = Debug|Any CPU
		Release|Any CPU = Release|Any CPU
	EndGlobalSection
	GlobalSection(ProjectConfigurationPlatforms) = postSolution
		{D8A4D701-4F13-4AA3-ACC6-AC5C40A3CA14}.Debug|Any CPU.ActiveCfg = Debug|Any CPU
		{D8A4D701-4F13-4AA3-ACC6-AC5C40A3CA14}.Debug|Any CPU.Build.0 = Debug|Any CPU
		{D8A4D701-4F13-4AA3-ACC6-AC5C40A3CA14}.Release|Any CPU.ActiveCfg = Release|Any CPU
		{D8A4D701-4F13-4AA3-ACC6-AC5C40A3CA14}.Release|Any CPU.Build.0 = Release|Any CPU
		{E307E434-EBDE-4556-9F02-38045628B1E1}.Debug|Any CPU.ActiveCfg = Debug|Any CPU
		{E307E434-EBDE-4556-9F02-38045628B1E1}.Debug|Any CPU.Build.0 = Debug|Any CPU
		{E307E434-EBDE-4556-9F02-38045628B1E1}.Release|Any CPU.ActiveCfg = Release|Any CPU
		{E307E434-EBDE-4556-9F02-38045628B1E1}.Release|Any CPU.Build.0 = Release|Any CPU
		{5363894B-3946-47E9-A963-7161FBED84B6}.Debug|Any CPU.ActiveCfg = Debug|Any CPU
		{5363894B-3946-47E9-A963-7161FBED84B6}.Debug|Any CPU.Build.0 = Debug|Any CPU
		{5363894B-3946-47E9-A963-7161FBED84B6}.Release|Any CPU.ActiveCfg = Release|Any CPU
		{5363894B-3946-47E9-A963-7161FBED84B6}.Release|Any CPU.Build.0 = Release|Any CPU
		{176B3347-1D40-425C-9EA8-C0C23A533E6C}.Debug|Any CPU.ActiveCfg = Debug|Any CPU
		{176B3347-1D40-425C-9EA8-C0C23A533E6C}.Debug|Any CPU.Build.0 = Debug|Any CPU
		{176B3347-1D40-425C-9EA8-C0C23A533E6C}.Release|Any CPU.ActiveCfg = Release|Any CPU
		{176B3347-1D40-425C-9EA8-C0C23A533E6C}.Release|Any CPU.Build.0 = Release|Any CPU
	EndGlobalSection
	GlobalSection(SolutionProperties) = preSolution
		HideSolutionNode = FALSE
	EndGlobalSection
	GlobalSection(ExtensibilityGlobals) = postSolution
		SolutionGuid = {DDA42ED3-C7FD-4146-B9F8-5BDBB690B1C0}
	EndGlobalSection
EndGlobal
